// !$*UTF8*$!
{
	archiveVersion = 1;
	classes = {
	};
	objectVersion = 55;
	objects = {

/* Begin PBXBuildFile section */
		100E37F5ADDE771AD220E632 /* Pods_GitHubUsers.framework in Frameworks */ = {isa = PBXBuildFile; fileRef = 949CA6A2D330171FA73CE2C0 /* Pods_GitHubUsers.framework */; };
		5712E862283291830009007F /* AppDelegate.swift in Sources */ = {isa = PBXBuildFile; fileRef = 5712E861283291830009007F /* AppDelegate.swift */; };
		5712E864283291830009007F /* SceneDelegate.swift in Sources */ = {isa = PBXBuildFile; fileRef = 5712E863283291830009007F /* SceneDelegate.swift */; };
		5712E866283291830009007F /* UserPreviewsView.swift in Sources */ = {isa = PBXBuildFile; fileRef = 5712E865283291830009007F /* UserPreviewsView.swift */; };
		5712E86B283291830009007F /* Assets.xcassets in Resources */ = {isa = PBXBuildFile; fileRef = 5712E86A283291830009007F /* Assets.xcassets */; };
		5712E86E283291830009007F /* LaunchScreen.storyboard in Resources */ = {isa = PBXBuildFile; fileRef = 5712E86C283291830009007F /* LaunchScreen.storyboard */; };
		573994932832B20F006DBAD9 /* LoadingView.swift in Sources */ = {isa = PBXBuildFile; fileRef = 573994922832B20F006DBAD9 /* LoadingView.swift */; };
		574CA86B28332AD2005BF94C /* Constants.swift in Sources */ = {isa = PBXBuildFile; fileRef = 574CA86A28332AD2005BF94C /* Constants.swift */; };
		577A68582832CD3D0005DE79 /* UsersRepo.swift in Sources */ = {isa = PBXBuildFile; fileRef = 577A68572832CD3D0005DE79 /* UsersRepo.swift */; };
		57B29BA128329F8100F85C7F /* Models.swift in Sources */ = {isa = PBXBuildFile; fileRef = 57B29BA028329F8100F85C7F /* Models.swift */; };
		57B29BA428329FF500F85C7F /* GitHubUsers.swift in Sources */ = {isa = PBXBuildFile; fileRef = 57B29BA328329FF500F85C7F /* GitHubUsers.swift */; };
		57B29BA82832A06A00F85C7F /* UserPreviewsPresenter.swift in Sources */ = {isa = PBXBuildFile; fileRef = 57B29BA72832A06A00F85C7F /* UserPreviewsPresenter.swift */; };
		57B29BAE2832A95500F85C7F /* UserPreviewCell.swift in Sources */ = {isa = PBXBuildFile; fileRef = 57B29BAC2832A95500F85C7F /* UserPreviewCell.swift */; };
		57B29BAF2832A95500F85C7F /* UserPreviewCell.xib in Resources */ = {isa = PBXBuildFile; fileRef = 57B29BAD2832A95500F85C7F /* UserPreviewCell.xib */; };
/* End PBXBuildFile section */

/* Begin PBXFileReference section */
		56055E26BEDC7E6C8A07A9D2 /* Pods-GitHubUsers.debug.xcconfig */ = {isa = PBXFileReference; includeInIndex = 1; lastKnownFileType = text.xcconfig; name = "Pods-GitHubUsers.debug.xcconfig"; path = "Target Support Files/Pods-GitHubUsers/Pods-GitHubUsers.debug.xcconfig"; sourceTree = "<group>"; };
		5712E85E283291830009007F /* GitHubUsers.app */ = {isa = PBXFileReference; explicitFileType = wrapper.application; includeInIndex = 0; path = GitHubUsers.app; sourceTree = BUILT_PRODUCTS_DIR; };
		5712E861283291830009007F /* AppDelegate.swift */ = {isa = PBXFileReference; lastKnownFileType = sourcecode.swift; path = AppDelegate.swift; sourceTree = "<group>"; };
		5712E863283291830009007F /* SceneDelegate.swift */ = {isa = PBXFileReference; lastKnownFileType = sourcecode.swift; path = SceneDelegate.swift; sourceTree = "<group>"; };
		5712E865283291830009007F /* UserPreviewsView.swift */ = {isa = PBXFileReference; lastKnownFileType = sourcecode.swift; path = UserPreviewsView.swift; sourceTree = "<group>"; };
		5712E86A283291830009007F /* Assets.xcassets */ = {isa = PBXFileReference; lastKnownFileType = folder.assetcatalog; path = Assets.xcassets; sourceTree = "<group>"; };
		5712E86D283291830009007F /* Base */ = {isa = PBXFileReference; lastKnownFileType = file.storyboard; name = Base; path = Base.lproj/LaunchScreen.storyboard; sourceTree = "<group>"; };
		5712E86F283291830009007F /* Info.plist */ = {isa = PBXFileReference; lastKnownFileType = text.plist.xml; path = Info.plist; sourceTree = "<group>"; };
		573994922832B20F006DBAD9 /* LoadingView.swift */ = {isa = PBXFileReference; lastKnownFileType = sourcecode.swift; path = LoadingView.swift; sourceTree = "<group>"; };
		574CA86A28332AD2005BF94C /* Constants.swift */ = {isa = PBXFileReference; lastKnownFileType = sourcecode.swift; path = Constants.swift; sourceTree = "<group>"; };
		577A68572832CD3D0005DE79 /* UsersRepo.swift */ = {isa = PBXFileReference; lastKnownFileType = sourcecode.swift; path = UsersRepo.swift; sourceTree = "<group>"; };
		57B29BA028329F8100F85C7F /* Models.swift */ = {isa = PBXFileReference; lastKnownFileType = sourcecode.swift; path = Models.swift; sourceTree = "<group>"; };
		57B29BA328329FF500F85C7F /* GitHubUsers.swift */ = {isa = PBXFileReference; lastKnownFileType = sourcecode.swift; path = GitHubUsers.swift; sourceTree = "<group>"; };
		57B29BA72832A06A00F85C7F /* UserPreviewsPresenter.swift */ = {isa = PBXFileReference; lastKnownFileType = sourcecode.swift; path = UserPreviewsPresenter.swift; sourceTree = "<group>"; };
		57B29BAC2832A95500F85C7F /* UserPreviewCell.swift */ = {isa = PBXFileReference; lastKnownFileType = sourcecode.swift; path = UserPreviewCell.swift; sourceTree = "<group>"; };
		57B29BAD2832A95500F85C7F /* UserPreviewCell.xib */ = {isa = PBXFileReference; lastKnownFileType = file.xib; path = UserPreviewCell.xib; sourceTree = "<group>"; };
		949CA6A2D330171FA73CE2C0 /* Pods_GitHubUsers.framework */ = {isa = PBXFileReference; explicitFileType = wrapper.framework; includeInIndex = 0; path = Pods_GitHubUsers.framework; sourceTree = BUILT_PRODUCTS_DIR; };
		E295D4E033979975E24011E6 /* Pods-GitHubUsers.release.xcconfig */ = {isa = PBXFileReference; includeInIndex = 1; lastKnownFileType = text.xcconfig; name = "Pods-GitHubUsers.release.xcconfig"; path = "Target Support Files/Pods-GitHubUsers/Pods-GitHubUsers.release.xcconfig"; sourceTree = "<group>"; };
/* End PBXFileReference section */

/* Begin PBXFrameworksBuildPhase section */
		5712E85B283291830009007F /* Frameworks */ = {
			isa = PBXFrameworksBuildPhase;
			buildActionMask = 2147483647;
			files = (
				100E37F5ADDE771AD220E632 /* Pods_GitHubUsers.framework in Frameworks */,
			);
			runOnlyForDeploymentPostprocessing = 0;
		};
/* End PBXFrameworksBuildPhase section */

/* Begin PBXGroup section */
		5712E855283291830009007F = {
			isa = PBXGroup;
			children = (
				5712E860283291830009007F /* GitHubUsers */,
				5712E85F283291830009007F /* Products */,
				D312082565DCE3F354F8E9D9 /* Pods */,
				654112ED2A269A36A5219077 /* Frameworks */,
			);
			sourceTree = "<group>";
		};
		5712E85F283291830009007F /* Products */ = {
			isa = PBXGroup;
			children = (
				5712E85E283291830009007F /* GitHubUsers.app */,
			);
			name = Products;
			sourceTree = "<group>";
		};
		5712E860283291830009007F /* GitHubUsers */ = {
			isa = PBXGroup;
			children = (
				574CA869283329CF005BF94C /* AppDelegate */,
				57B29B9D28329DDF00F85C7F /* Model */,
				57B29B9E28329DE500F85C7F /* View */,
				57B29B9F28329DEC00F85C7F /* Presenter */,
				5712E86A283291830009007F /* Assets.xcassets */,
				5712E86C283291830009007F /* LaunchScreen.storyboard */,
				5712E86F283291830009007F /* Info.plist */,
			);
			path = GitHubUsers;
			sourceTree = "<group>";
		};
		573994912832B1B8006DBAD9 /* LoadingView */ = {
			isa = PBXGroup;
			children = (
				573994922832B20F006DBAD9 /* LoadingView.swift */,
			);
			path = LoadingView;
			sourceTree = "<group>";
		};
		574CA869283329CF005BF94C /* AppDelegate */ = {
			isa = PBXGroup;
			children = (
				5712E861283291830009007F /* AppDelegate.swift */,
				5712E863283291830009007F /* SceneDelegate.swift */,
			);
			path = AppDelegate;
			sourceTree = "<group>";
		};
		57B29B9D28329DDF00F85C7F /* Model */ = {
			isa = PBXGroup;
			children = (
				57B29BA028329F8100F85C7F /* Models.swift */,
				574CA86A28332AD2005BF94C /* Constants.swift */,
				57B29BA228329FC300F85C7F /* Network */,
			);
			path = Model;
			sourceTree = "<group>";
		};
		57B29B9E28329DE500F85C7F /* View */ = {
			isa = PBXGroup;
			children = (
				5712E865283291830009007F /* UserPreviewsView.swift */,
				57B29BA92832A8FC00F85C7F /* UserPreviewCell */,
				573994912832B1B8006DBAD9 /* LoadingView */,
			);
			path = View;
			sourceTree = "<group>";
		};
		57B29B9F28329DEC00F85C7F /* Presenter */ = {
			isa = PBXGroup;
			children = (
				57B29BA72832A06A00F85C7F /* UserPreviewsPresenter.swift */,
			);
			path = Presenter;
			sourceTree = "<group>";
		};
		57B29BA228329FC300F85C7F /* Network */ = {
			isa = PBXGroup;
			children = (
				577A68572832CD3D0005DE79 /* UsersRepo.swift */,
				57B29BA328329FF500F85C7F /* GitHubUsers.swift */,
			);
			path = Network;
			sourceTree = "<group>";
		};
		57B29BA92832A8FC00F85C7F /* UserPreviewCell */ = {
			isa = PBXGroup;
			children = (
				57B29BAC2832A95500F85C7F /* UserPreviewCell.swift */,
				57B29BAD2832A95500F85C7F /* UserPreviewCell.xib */,
			);
			path = UserPreviewCell;
			sourceTree = "<group>";
		};
		654112ED2A269A36A5219077 /* Frameworks */ = {
			isa = PBXGroup;
			children = (
				949CA6A2D330171FA73CE2C0 /* Pods_GitHubUsers.framework */,
			);
			name = Frameworks;
			sourceTree = "<group>";
		};
		D312082565DCE3F354F8E9D9 /* Pods */ = {
			isa = PBXGroup;
			children = (
				56055E26BEDC7E6C8A07A9D2 /* Pods-GitHubUsers.debug.xcconfig */,
				E295D4E033979975E24011E6 /* Pods-GitHubUsers.release.xcconfig */,
			);
			path = Pods;
			sourceTree = "<group>";
		};
/* End PBXGroup section */

/* Begin PBXNativeTarget section */
		5712E85D283291830009007F /* GitHubUsers */ = {
			isa = PBXNativeTarget;
			buildConfigurationList = 5712E872283291830009007F /* Build configuration list for PBXNativeTarget "GitHubUsers" */;
			buildPhases = (
				D714598EDCD74B02339093D5 /* [CP] Check Pods Manifest.lock */,
				5712E85A283291830009007F /* Sources */,
				5712E85B283291830009007F /* Frameworks */,
				5712E85C283291830009007F /* Resources */,
				236362313BB9E33D14C2B609 /* [CP] Embed Pods Frameworks */,
			);
			buildRules = (
			);
			dependencies = (
			);
			name = GitHubUsers;
			productName = GitHubUsers;
			productReference = 5712E85E283291830009007F /* GitHubUsers.app */;
			productType = "com.apple.product-type.application";
		};
/* End PBXNativeTarget section */

/* Begin PBXProject section */
		5712E856283291830009007F /* Project object */ = {
			isa = PBXProject;
			attributes = {
				BuildIndependentTargetsInParallel = 1;
				LastSwiftUpdateCheck = 1330;
				LastUpgradeCheck = 1330;
				TargetAttributes = {
					5712E85D283291830009007F = {
						CreatedOnToolsVersion = 13.3.1;
					};
				};
			};
			buildConfigurationList = 5712E859283291830009007F /* Build configuration list for PBXProject "GitHubUsers" */;
			compatibilityVersion = "Xcode 13.0";
			developmentRegion = en;
			hasScannedForEncodings = 0;
			knownRegions = (
				en,
				Base,
			);
			mainGroup = 5712E855283291830009007F;
			productRefGroup = 5712E85F283291830009007F /* Products */;
			projectDirPath = "";
			projectRoot = "";
			targets = (
				5712E85D283291830009007F /* GitHubUsers */,
			);
		};
/* End PBXProject section */

/* Begin PBXResourcesBuildPhase section */
		5712E85C283291830009007F /* Resources */ = {
			isa = PBXResourcesBuildPhase;
			buildActionMask = 2147483647;
			files = (
				5712E86E283291830009007F /* LaunchScreen.storyboard in Resources */,
				5712E86B283291830009007F /* Assets.xcassets in Resources */,
				57B29BAF2832A95500F85C7F /* UserPreviewCell.xib in Resources */,
			);
			runOnlyForDeploymentPostprocessing = 0;
		};
/* End PBXResourcesBuildPhase section */

/* Begin PBXShellScriptBuildPhase section */
		236362313BB9E33D14C2B609 /* [CP] Embed Pods Frameworks */ = {
			isa = PBXShellScriptBuildPhase;
			buildActionMask = 2147483647;
			files = (
			);
			inputFileListPaths = (
				"${PODS_ROOT}/Target Support Files/Pods-GitHubUsers/Pods-GitHubUsers-frameworks-${CONFIGURATION}-input-files.xcfilelist",
			);
			name = "[CP] Embed Pods Frameworks";
			outputFileListPaths = (
				"${PODS_ROOT}/Target Support Files/Pods-GitHubUsers/Pods-GitHubUsers-frameworks-${CONFIGURATION}-output-files.xcfilelist",
			);
			runOnlyForDeploymentPostprocessing = 0;
			shellPath = /bin/sh;
			shellScript = "\"${PODS_ROOT}/Target Support Files/Pods-GitHubUsers/Pods-GitHubUsers-frameworks.sh\"\n";
			showEnvVarsInLog = 0;
		};
		D714598EDCD74B02339093D5 /* [CP] Check Pods Manifest.lock */ = {
			isa = PBXShellScriptBuildPhase;
			buildActionMask = 2147483647;
			files = (
			);
			inputFileListPaths = (
			);
			inputPaths = (
				"${PODS_PODFILE_DIR_PATH}/Podfile.lock",
				"${PODS_ROOT}/Manifest.lock",
			);
			name = "[CP] Check Pods Manifest.lock";
			outputFileListPaths = (
			);
			outputPaths = (
				"$(DERIVED_FILE_DIR)/Pods-GitHubUsers-checkManifestLockResult.txt",
			);
			runOnlyForDeploymentPostprocessing = 0;
			shellPath = /bin/sh;
			shellScript = "diff \"${PODS_PODFILE_DIR_PATH}/Podfile.lock\" \"${PODS_ROOT}/Manifest.lock\" > /dev/null\nif [ $? != 0 ] ; then\n    # print error to STDERR\n    echo \"error: The sandbox is not in sync with the Podfile.lock. Run 'pod install' or update your CocoaPods installation.\" >&2\n    exit 1\nfi\n# This output is used by Xcode 'outputs' to avoid re-running this script phase.\necho \"SUCCESS\" > \"${SCRIPT_OUTPUT_FILE_0}\"\n";
			showEnvVarsInLog = 0;
		};
/* End PBXShellScriptBuildPhase section */

/* Begin PBXSourcesBuildPhase section */
		5712E85A283291830009007F /* Sources */ = {
			isa = PBXSourcesBuildPhase;
			buildActionMask = 2147483647;
			files = (
				57B29BA82832A06A00F85C7F /* UserPreviewsPresenter.swift in Sources */,
				57B29BAE2832A95500F85C7F /* UserPreviewCell.swift in Sources */,
				5712E866283291830009007F /* UserPreviewsView.swift in Sources */,
				5712E862283291830009007F /* AppDelegate.swift in Sources */,
				5712E864283291830009007F /* SceneDelegate.swift in Sources */,
				574CA86B28332AD2005BF94C /* Constants.swift in Sources */,
				57B29BA428329FF500F85C7F /* GitHubUsers.swift in Sources */,
				57B29BA128329F8100F85C7F /* Models.swift in Sources */,
				573994932832B20F006DBAD9 /* LoadingView.swift in Sources */,
				577A68582832CD3D0005DE79 /* UsersRepo.swift in Sources */,
			);
			runOnlyForDeploymentPostprocessing = 0;
		};
/* End PBXSourcesBuildPhase section */

/* Begin PBXVariantGroup section */
		5712E86C283291830009007F /* LaunchScreen.storyboard */ = {
			isa = PBXVariantGroup;
			children = (
				5712E86D283291830009007F /* Base */,
			);
			name = LaunchScreen.storyboard;
			sourceTree = "<group>";
		};
/* End PBXVariantGroup section */

/* Begin XCBuildConfiguration section */
		5712E870283291830009007F /* Debug */ = {
			isa = XCBuildConfiguration;
			buildSettings = {
				ALWAYS_SEARCH_USER_PATHS = NO;
				CLANG_ANALYZER_NONNULL = YES;
				CLANG_ANALYZER_NUMBER_OBJECT_CONVERSION = YES_AGGRESSIVE;
				CLANG_CXX_LANGUAGE_STANDARD = "gnu++17";
				CLANG_ENABLE_MODULES = YES;
				CLANG_ENABLE_OBJC_ARC = YES;
				CLANG_ENABLE_OBJC_WEAK = YES;
				CLANG_WARN_BLOCK_CAPTURE_AUTORELEASING = YES;
				CLANG_WARN_BOOL_CONVERSION = YES;
				CLANG_WARN_COMMA = YES;
				CLANG_WARN_CONSTANT_CONVERSION = YES;
				CLANG_WARN_DEPRECATED_OBJC_IMPLEMENTATIONS = YES;
				CLANG_WARN_DIRECT_OBJC_ISA_USAGE = YES_ERROR;
				CLANG_WARN_DOCUMENTATION_COMMENTS = YES;
				CLANG_WARN_EMPTY_BODY = YES;
				CLANG_WARN_ENUM_CONVERSION = YES;
				CLANG_WARN_INFINITE_RECURSION = YES;
				CLANG_WARN_INT_CONVERSION = YES;
				CLANG_WARN_NON_LITERAL_NULL_CONVERSION = YES;
				CLANG_WARN_OBJC_IMPLICIT_RETAIN_SELF = YES;
				CLANG_WARN_OBJC_LITERAL_CONVERSION = YES;
				CLANG_WARN_OBJC_ROOT_CLASS = YES_ERROR;
				CLANG_WARN_QUOTED_INCLUDE_IN_FRAMEWORK_HEADER = YES;
				CLANG_WARN_RANGE_LOOP_ANALYSIS = YES;
				CLANG_WARN_STRICT_PROTOTYPES = YES;
				CLANG_WARN_SUSPICIOUS_MOVE = YES;
				CLANG_WARN_UNGUARDED_AVAILABILITY = YES_AGGRESSIVE;
				CLANG_WARN_UNREACHABLE_CODE = YES;
				CLANG_WARN__DUPLICATE_METHOD_MATCH = YES;
				COPY_PHASE_STRIP = NO;
				DEBUG_INFORMATION_FORMAT = dwarf;
				ENABLE_STRICT_OBJC_MSGSEND = YES;
				ENABLE_TESTABILITY = YES;
				GCC_C_LANGUAGE_STANDARD = gnu11;
				GCC_DYNAMIC_NO_PIC = NO;
				GCC_NO_COMMON_BLOCKS = YES;
				GCC_OPTIMIZATION_LEVEL = 0;
				GCC_PREPROCESSOR_DEFINITIONS = (
					"DEBUG=1",
					"$(inherited)",
				);
				GCC_WARN_64_TO_32_BIT_CONVERSION = YES;
				GCC_WARN_ABOUT_RETURN_TYPE = YES_ERROR;
				GCC_WARN_UNDECLARED_SELECTOR = YES;
				GCC_WARN_UNINITIALIZED_AUTOS = YES_AGGRESSIVE;
				GCC_WARN_UNUSED_FUNCTION = YES;
				GCC_WARN_UNUSED_VARIABLE = YES;
				IPHONEOS_DEPLOYMENT_TARGET = 15.4;
				MTL_ENABLE_DEBUG_INFO = INCLUDE_SOURCE;
				MTL_FAST_MATH = YES;
				ONLY_ACTIVE_ARCH = YES;
				SDKROOT = iphoneos;
				SWIFT_ACTIVE_COMPILATION_CONDITIONS = DEBUG;
				SWIFT_OPTIMIZATION_LEVEL = "-Onone";
			};
			name = Debug;
		};
		5712E871283291830009007F /* Release */ = {
			isa = XCBuildConfiguration;
			buildSettings = {
				ALWAYS_SEARCH_USER_PATHS = NO;
				CLANG_ANALYZER_NONNULL = YES;
				CLANG_ANALYZER_NUMBER_OBJECT_CONVERSION = YES_AGGRESSIVE;
				CLANG_CXX_LANGUAGE_STANDARD = "gnu++17";
				CLANG_ENABLE_MODULES = YES;
				CLANG_ENABLE_OBJC_ARC = YES;
				CLANG_ENABLE_OBJC_WEAK = YES;
				CLANG_WARN_BLOCK_CAPTURE_AUTORELEASING = YES;
				CLANG_WARN_BOOL_CONVERSION = YES;
				CLANG_WARN_COMMA = YES;
				CLANG_WARN_CONSTANT_CONVERSION = YES;
				CLANG_WARN_DEPRECATED_OBJC_IMPLEMENTATIONS = YES;
				CLANG_WARN_DIRECT_OBJC_ISA_USAGE = YES_ERROR;
				CLANG_WARN_DOCUMENTATION_COMMENTS = YES;
				CLANG_WARN_EMPTY_BODY = YES;
				CLANG_WARN_ENUM_CONVERSION = YES;
				CLANG_WARN_INFINITE_RECURSION = YES;
				CLANG_WARN_INT_CONVERSION = YES;
				CLANG_WARN_NON_LITERAL_NULL_CONVERSION = YES;
				CLANG_WARN_OBJC_IMPLICIT_RETAIN_SELF = YES;
				CLANG_WARN_OBJC_LITERAL_CONVERSION = YES;
				CLANG_WARN_OBJC_ROOT_CLASS = YES_ERROR;
				CLANG_WARN_QUOTED_INCLUDE_IN_FRAMEWORK_HEADER = YES;
				CLANG_WARN_RANGE_LOOP_ANALYSIS = YES;
				CLANG_WARN_STRICT_PROTOTYPES = YES;
				CLANG_WARN_SUSPICIOUS_MOVE = YES;
				CLANG_WARN_UNGUARDED_AVAILABILITY = YES_AGGRESSIVE;
				CLANG_WARN_UNREACHABLE_CODE = YES;
				CLANG_WARN__DUPLICATE_METHOD_MATCH = YES;
				COPY_PHASE_STRIP = NO;
				DEBUG_INFORMATION_FORMAT = "dwarf-with-dsym";
				ENABLE_NS_ASSERTIONS = NO;
				ENABLE_STRICT_OBJC_MSGSEND = YES;
				GCC_C_LANGUAGE_STANDARD = gnu11;
				GCC_NO_COMMON_BLOCKS = YES;
				GCC_WARN_64_TO_32_BIT_CONVERSION = YES;
				GCC_WARN_ABOUT_RETURN_TYPE = YES_ERROR;
				GCC_WARN_UNDECLARED_SELECTOR = YES;
				GCC_WARN_UNINITIALIZED_AUTOS = YES_AGGRESSIVE;
				GCC_WARN_UNUSED_FUNCTION = YES;
				GCC_WARN_UNUSED_VARIABLE = YES;
				IPHONEOS_DEPLOYMENT_TARGET = 15.4;
				MTL_ENABLE_DEBUG_INFO = NO;
				MTL_FAST_MATH = YES;
				SDKROOT = iphoneos;
				SWIFT_COMPILATION_MODE = wholemodule;
				SWIFT_OPTIMIZATION_LEVEL = "-O";
				VALIDATE_PRODUCT = YES;
			};
			name = Release;
		};
		5712E873283291830009007F /* Debug */ = {
			isa = XCBuildConfiguration;
			baseConfigurationReference = 56055E26BEDC7E6C8A07A9D2 /* Pods-GitHubUsers.debug.xcconfig */;
			buildSettings = {
				ASSETCATALOG_COMPILER_APPICON_NAME = AppIcon;
				ASSETCATALOG_COMPILER_GLOBAL_ACCENT_COLOR_NAME = AccentColor;
				CODE_SIGN_STYLE = Automatic;
				CURRENT_PROJECT_VERSION = 1;
				DEVELOPMENT_TEAM = DG6XTXB3C9;
				GENERATE_INFOPLIST_FILE = YES;
				INFOPLIST_FILE = GitHubUsers/Info.plist;
				INFOPLIST_KEY_UIApplicationSupportsIndirectInputEvents = YES;
				INFOPLIST_KEY_UILaunchStoryboardName = LaunchScreen;
				INFOPLIST_KEY_UISupportedInterfaceOrientations_iPad = "UIInterfaceOrientationPortrait UIInterfaceOrientationPortraitUpsideDown UIInterfaceOrientationLandscapeLeft UIInterfaceOrientationLandscapeRight";
				INFOPLIST_KEY_UISupportedInterfaceOrientations_iPhone = "UIInterfaceOrientationPortrait UIInterfaceOrientationLandscapeLeft UIInterfaceOrientationLandscapeRight";
				LD_RUNPATH_SEARCH_PATHS = (
					"$(inherited)",
					"@executable_path/Frameworks",
				);
				MARKETING_VERSION = 1.0;
				PRODUCT_BUNDLE_IDENTIFIER = com.kudesnik.GitHubUsers;
				PRODUCT_NAME = "$(TARGET_NAME)";
				SWIFT_EMIT_LOC_STRINGS = YES;
				SWIFT_VERSION = 5.0;
				TARGETED_DEVICE_FAMILY = "1,2";
			};
			name = Debug;
		};
		5712E874283291830009007F /* Release */ = {
			isa = XCBuildConfiguration;
			baseConfigurationReference = E295D4E033979975E24011E6 /* Pods-GitHubUsers.release.xcconfig */;
			buildSettings = {
				ASSETCATALOG_COMPILER_APPICON_NAME = AppIcon;
				ASSETCATALOG_COMPILER_GLOBAL_ACCENT_COLOR_NAME = AccentColor;
				CODE_SIGN_STYLE = Automatic;
				CURRENT_PROJECT_VERSION = 1;
				DEVELOPMENT_TEAM = DG6XTXB3C9;
				GENERATE_INFOPLIST_FILE = YES;
				INFOPLIST_FILE = GitHubUsers/Info.plist;
				INFOPLIST_KEY_UIApplicationSupportsIndirectInputEvents = YES;
				INFOPLIST_KEY_UILaunchStoryboardName = LaunchScreen;
				INFOPLIST_KEY_UISupportedInterfaceOrientations_iPad = "UIInterfaceOrientationPortrait UIInterfaceOrientationPortraitUpsideDown UIInterfaceOrientationLandscapeLeft UIInterfaceOrientationLandscapeRight";
				INFOPLIST_KEY_UISupportedInterfaceOrientations_iPhone = "UIInterfaceOrientationPortrait UIInterfaceOrientationLandscapeLeft UIInterfaceOrientationLandscapeRight";
				LD_RUNPATH_SEARCH_PATHS = (
					"$(inherited)",
					"@executable_path/Frameworks",
				);
				MARKETING_VERSION = 1.0;
				PRODUCT_BUNDLE_IDENTIFIER = com.kudesnik.GitHubUsers;
				PRODUCT_NAME = "$(TARGET_NAME)";
				SWIFT_EMIT_LOC_STRINGS = YES;
				SWIFT_VERSION = 5.0;
				TARGETED_DEVICE_FAMILY = "1,2";
			};
			name = Release;
		};
/* End XCBuildConfiguration section */

/* Begin XCConfigurationList section */
		5712E859283291830009007F /* Build configuration list for PBXProject "GitHubUsers" */ = {
			isa = XCConfigurationList;
			buildConfigurations = (
				5712E870283291830009007F /* Debug */,
				5712E871283291830009007F /* Release */,
			);
			defaultConfigurationIsVisible = 0;
			defaultConfigurationName = Release;
		};
		5712E872283291830009007F /* Build configuration list for PBXNativeTarget "GitHubUsers" */ = {
			isa = XCConfigurationList;
			buildConfigurations = (
				5712E873283291830009007F /* Debug */,
				5712E874283291830009007F /* Release */,
			);
			defaultConfigurationIsVisible = 0;
			defaultConfigurationName = Release;
		};
/* End XCConfigurationList section */
	};
	rootObject = 5712E856283291830009007F /* Project object */;
}
